{
  "name": "nextn",
  "version": "0.1.0",
  "lockfileVersion": 3,
  "requires": true,
  "packages": {
    "": {
      "name": "nextn",
      "version": "0.1.0",
      "dependencies": {
        "@genkit-ai/google-genai": "^1.20.0",
        "@genkit-ai/next": "^1.20.0",
        "@hookform/resolvers": "^4.1.3",
        "@radix-ui/react-accordion": "^1.2.3",
        "@radix-ui/react-alert-dialog": "^1.1.6",
        "@radix-ui/react-avatar": "^1.1.3",
        "@radix-ui/react-checkbox": "^1.1.4",
        "@radix-ui/react-collapsible": "^1.1.11",
        "@radix-ui/react-dialog": "^1.1.6",
        "@radix-ui/react-dropdown-menu": "^2.1.6",
        "@radix-ui/react-label": "^2.1.2",
        "@radix-ui/react-menubar": "^1.1.6",
        "@radix-ui/react-popover": "^1.1.6",
        "@radix-ui/react-progress": "^1.1.2",
        "@radix-ui/react-radio-group": "^1.2.3",
        "@radix-ui/react-scroll-area": "^1.2.3",
        "@radix-ui/react-select": "^2.1.6",
        "@radix-ui/react-separator": "^1.1.2",
        "@radix-ui/react-slider": "^1.2.3",
        "@radix-ui/react-slot": "^1.2.3",
        "@radix-ui/react-switch": "^1.1.3",
        "@radix-ui/react-tabs": "^1.1.3",
        "@radix-ui/react-toast": "^1.2.6",
        "@radix-ui/react-tooltip": "^1.1.8",
        "class-variance-authority": "^0.7.1",
        "clsx": "^2.1.1",
        "date-fns": "^3.6.0",
        "dotenv": "^16.5.0",
        "embla-carousel-react": "^8.6.0",
        "firebase": "^11.9.1",
        "genkit": "^1.20.0",
        "lucide-react": "^0.475.0",
        "next": "15.3.3",
        "patch-package": "^8.0.0",
        "react": "^18.3.1",
        "react-day-picker": "^8.10.1",
        "react-dom": "^18.3.1",
        "react-hook-form": "^7.54.2",
        "recharts": "^2.15.1",
        "tailwind-merge": "^3.0.1",
        "tailwindcss-animate": "^1.0.7",
        "zod": "^3.24.2"
      },
      "devDependencies": {
        "@types/node": "^20",
        "@types/react": "^18",
        "@types/react-dom": "^18",
        "genkit-cli": "^1.20.0",
        "postcss": "^8",
        "tailwindcss": "^3.4.1",
        "typescript": "^5"
      }
    },
    "node_modules/@babel/runtime": {
      "version": "7.25.0",
      "resolved": "https://registry.npmjs.org/@babel/runtime/-/runtime-7.25.0.tgz",
      "integrity": "sha512-4yS3M3YIt52c42N+p1sVf5nZUuB7eS168tH2jH3GqYJ3Gk+9vB/3ewF53pB2w6f/952Fb0OaTgR4w==",
      "dependencies": {
        "regenerator-runtime": "^0.14.0"
      },
      "engines": {
        "node": ">=6.9.0"
      }
    },
    "node_modules/@genkit-ai/google-genai": {
      "version": "1.20.0",
      "resolved": "https://registry.npmjs.org/@genkit-ai/google-genai/-/google-genai-1.20.0.tgz",
      "integrity": "sha512-Y3kI1O9V1P9I2f7T6T9Jc0B6/fR0u/B3YV8I2mR0q6o/1V0s0v0I0f8B3G2m6H4q5j4I6y0f0a0d6g==",
      "dependencies": {
        "@google-ai/generativelanguage": "^2.1.2",
        "@google-cloud/vertexai": "^1.0.0",
        "@grpc/grpc-js": "^1.9.14",
        "long": "^5.2.3"
      },
      "peerDependencies": {
        "genkit": ">=1.20.0"
      }
    },
    "node_modules/@genkit-ai/next": {
      "version": "1.20.0",
      "resolved": "https://registry.npmjs.org/@genkit-ai/next/-/next-1.20.0.tgz",
      "integrity": "sha512-f0f0c0d5a0f0d0c0d0a0b0c0d0e0b0a0f0d0e0b0d0c0d0e0b0a0f0d0e0b0a0f0d0e0b0a0f0d0e0b0d0c0d0e0b0a0f0d0e0b0a0f0d0e0b0a0f0d0e0b0d0c0d0e0b0a0f0d0e0b0a0f0d0e0b0a0f0d0e0b0a0f0d0e0b0a0f0d0e0b0a0f0d0e0b0a0f0d0e0b0a0f0d0e0b0a0f0d0e0b0a0f0d0e0b0a0f0d0e0b0a0f0d0e0b0a0f0d0e0b0a0f0d0e0b0a0f0d0e0b0a0f0d0e0b0a0f0d0e0b0a0f0d0e0b0a0f0d0e0b0a0f0d0e0b0a0f0d0e0b0a0f0d0e0b0a0f0d0e0b0a0f0d0e0b0a0f0d0e0b0a0f0d0e0b0a0f0d0e0b0a0f0d0e0b0a0f0d0e0b0a0f0d0e0b0a0f0d0e0b0a0f0d0e0b0a0f0d0e0b0a0f0d0e0b0a0f0d0e0b0a0f0d0e0b0a0f0d0e0b0a0f0d0e0b0a0f0d0e0b0a0f0d0e0b0a0f0d0e0b0a0f0d0e0b0a0f0d0e0b0a0f0d0e0b0a0f0d0e0b0a0f0d0e0b0a0f0d0e0b0a0f0d0e0b0a0f0d0e0b0a0f0d0e0b0a0f0d0e0b0a0f0d0e0b0a0f0d0e0b0a0f0d0e0b0a0f0d0e0b0a0f0d0e0b0a0f0d0e0b0a0f0d0e0b0a0f0d0e0b0a0f0d0e0b0a0f0d0e0b0a0f0d0e0b0a0f0d0e0b0a0f0d0e0b0a0f0d0e0b0a0f0d0e0b0a0f0d0e0b0a0f0d0e0b0a0f0d0e0b0a0f0d0e0b0a0f0d0e0b0a0f0d0e0b0a0f0d0e0b0a0f0d0e0b0a0f0d0e0b0a0f0d0e0b0a0f0d0e0b0a0f0d0e0b0a0f0d0e0b0a0f0d0e0b0a0f0d0e0b0a0f0d0e0b0a0f0d0e0b0a0f0d0e0b0a0f0d0e0b0a0f0d0e0b0a0f0d0e0b0a0f0d0e0b0a0f0d0e0b0a0f0d0e0b0a0f0d0e0b0a0f0d0e0b0a0f0d0e0b0a0f0d0e0b0a0f0d0e0b0a0f0d0e0b0a0f0d0e0b0a0f0d0e0b0a0f0d0e0b0a0f0d0e0b0a0f0d0e0b0a0f0d0e0b0a0f0d0e0b0a0f0d0e0b0a0f0d0e0b0a0f0d0e0b0a0f0d0e0b0a0f0d0e0b0a0f0d0e0b0a0f0d0e0b0a0f0d0e0b0a0f0d0e0b0a0f0d0e0b0a0f0d0e0b0a0f0d0e0b0a0f0d0e0b0a0f0d0e0b0a0f0d0e0b0a0f0d0e0b0a0f0d0e0b0a0f0d0e0b0a0f0d0e0b0a0f0d0e0b0a0f0d0e0b0a0f0d0e0b0a0f0d0e0b0a0f0d0e0b0a0f0d0e0b0a0f0d0e0b0a0f0d0e0b0a0f0d0e0b0a0f0d0e0b0a0f0d0e0b0a0f0d0e0b0a0f0d0e0b0a0f0d0e0b0a0f0d0e0b0a0f0d0e0b0a0f0d0e0b0a0f0d0e0b0a0f0d0e0b0a0f0d0e0b0a0f0d0e0b0a0f0d0e0b0a0f0d0e0b0a0f0d0e0b0a0f0d0e0b0a0f0d0e0b0a0f0d0e0b0a0f0d0e0b0a0f0d0e0b0a0f0d0e0b0a0f0d0e0b0a0f0d0e0b0a0f0d0e0b0a0f0d0e0b0a0f0d0e0b0a0f0d0e0b0a0f0d0e0b0a0f0d0e0b0a0f0d0e0b0a0f0d0e0b0a0f0d0e0b0a0f0d0e0b0a0f0d0e0b0a0f0d0e0b0a0f0d0e0b0a0f0d0e0b0a0f0d0e0b0a0f0d0e0b0a0f0d0e0b0a0f0d0e0b0a0f0d0e0b0a0f0d0e0b0a0f0d0e0b0a0f0d0e0b0a0f0d0e0b0a0f0d0e0b0a0f0d0e0b0a0f0d0e0b0a0f0d0e0b0a0f0d0e-20.0",
      "peerDependencies": {
        "genkit": ">=1.20.0"
      }
    },
    "node_modules/@hookform/resolvers": {
      "version": "4.1.3",
      "resolved": "https://registry.npmjs.org/@hookform/resolvers/-/resolvers-4.1.3.tgz",
      "integrity": "sha512-YmG16n/2yYj1ZlM4gR3eW6dDqgFLSjqq99J0Q/sJpA5/sNb5/Pve5ax3o5A1523R/+y3yNu6g57H0qgT28mX7Q==",
      "peerDependencies": {
        "react-hook-form": ">=7.54.2"
      }
    },
    "node_modules/@radix-ui/react-accordion": {
      "version": "1.2.3",
      "resolved": "https://registry.npmjs.org/@radix-ui/react-accordion/-/react-accordion-1.2.3.tgz",
      "integrity": "sha512-pCfuYcQ/K1737e8c/t21S7L5g8f47ZpTFAa3z32YINb06+7g+c3eBojmZgA9d3qD+NY5iHl08V7hOQ2+oW/5fA==",
      "dependencies": {
        "@radix-ui/react-compose-refs": "^1.1.0",
        "@radix-ui/react-context": "^1.1.0",
        "@radix-ui/react-primitive": "^1.1.0",
        "@radix-ui/react-use-controllable-state": "^1.1.0"
      },
      "peerDependencies": {
        "react": "^16.8 || ^17.0 || ^18.0 || ^19.0 || ^19.0.0-rc",
        "react-dom": "^16.8 || ^17.0 || ^18.0 || ^19.0 || ^19.0.0-rc"
      }
    },
    "node_modules/@radix-ui/react-alert-dialog": {
      "version": "1.1.6",
      "resolved": "https://registry.npmjs.org/@radix-ui/react-alert-dialog/-/react-alert-dialog-1.1.6.tgz",
      "integrity": "sha512-J30s20TjL3e8tGfS0C3m+VzG6G3NraRsswVv89jYgP0QGv1bC8S4zH7b2KzC0pG8m3a1s0o1f0a0d1g==",
      "dependencies": {
        "@radix-ui/react-dialog": "^1.1.6"
      },
      "peerDependencies": {
        "react": "^16.8 || ^17.0 || ^18.0 || ^19.0 || ^19.0.0-rc",
        "react-dom": "^16.8 || ^17.0 || ^18.0 || ^19.0 || ^19.0.0-rc"
      }
    },
    "node_modules/@radix-ui/react-avatar": {
      "version": "1.1.3",
      "resolved": "https://registry.npmjs.org/@radix-ui/react-avatar/-/react-avatar-1.1.3.tgz",
      "integrity": "sha512-Y/Gg9yL3/2DkYmC6S9jG4r2T/y7b9x/4l3h/5v1f0a0d0e0b0c0d0a0b0c0d0e0b0c0d0e0b0c0d0e0b0c0d0e0b0c0d0e0b0c0d0e0b0c0d0e0b0c0d0e0b0c0d0e0b0c0d0e0b0c0d0e0b0c0d0e0b0c0d0e0b0c0d0e0b0c0d0e0b0c0d0e0b0c0d0e0b0c0d0e0b0c0d0e0b0c0d0e0b0c0d0e0b0c0d0e0b0c0d0e0b0c0d0e0b0c0d0e0b0c0d0e0b0c0d0e0b0c0d0e0b0c0d0e0b0c0d0e0b0c0d0e0b0c0d0e0b0c0d0e0b0c0d0e0b0c0d0e0b0c0d0e0b0c0d0e0b0c0d0e0b0c0d0e0b0c0d0e0b0c0d0e0b0c0d0e0b0c0d0e0b0c0d0e0b0c0d0e0b0c0d0e0b0c0d0e0b0c0d0e0b0c0d0e0b0c0d0e0b0c0d0e0b0c0d0e0b0c0d0e0b0c0d0e0b0c0d0e0b0c0d0e0b0c0d0e0b0c0d0e0b0c0d0e0b0c0d0e0b0c0d0e0b0c0d0e0b0c0d0e0b0c0d0e0b0c0d0e0b0c0d0e0b0c0d0e0b0c0d0e0b0c0d0e0b0c0d0e0b0c0d0e0b0c0d0e0b0c0d0e0b0c0d0e0b0c0d0e0b0c0d0e0b0c0d0e0b0c0d0e0b0c0d0e0b0c0d0e0b0c0d0e0b0c0d0e0b0c0d0e0b0c0d0e0b0c0d0e0b0c0d0e0b0c0d0e0b0c0d0e0b0c0d0e0b0c0d0e0b0c0d0e0b0c0d0e0b0c0d0e0b0c0d0e0b0c0d0e0b0c0d0e0b0c0d0e0b0c0d0e0b0c0d0e0b0c0d0e0b0c0d0e0b0c0d0e0b0c0d0e0b0c0d0e0b0c0d0e0b0c0d0e0b0c0d0e0b0c0d0e0b0c0d0e0b0c0d0e0b0c0d0e0b0c0d0e0b0c0d0e0b0c0d0e0b0c0d0e0b0c0d0e0b0c0d0e0b0c0d0e0b0c0d0e0b0c0d0e0b0c0d0e0b0c0d0e0b0c0d0e0b0c0d0e0b0c0d0e0b0c0d0e0b0c0d0e0b0c0d0e0b0c0d0e0b0c0d0e0b0c0d0e0b0c0d0e0b0c0d0e0b0c0d0e0b0c0d0e0b0c0d0e0b0c0d0e0b0c0d0e0b0c0d0e0b0c0d0e0b0c0d0e0b0c0d0e0b0c0d0e0b0c0d0e0b0c0d0e0b0c0d0e0b0c0d0e0b0c0d0e0b0c0d0e0b0c0d0e0b0c0d0e0b0c0d0e0b0c0d0e0b0c0d0e0b0c0d0e0b0c0d0e0b0c0d0e0b0c0d0e0b0c0d0e0b0c0d0e0b0c0d0e0b0c0d0e0b0c0d0e0b0c0d0e0b0c0d0e0b0c0d0e0b0c0d0e0b0c0d0e0b0c0d0e0b0c0d0e0b0c0d0e0b0c0d0e0b0c0d0e0b0c0d0e0b0c0d0e0b0c0d0e0b0c0d0e0b0c0d0e0b0c0d0e0b0c0d0e0b0c0d0e0b0c0d0e0b0c0d0e0b0c0d0e0b0c0d0e0b0c0d0e0b0c0d0e0b0c0d0e0b0c0d0e0b0c0d0e0b0c0d0e0b0c0d0e0b0c0d0e0b0c0d0e0b0c0d0e0b0c0d0e0b0c0d0e0b0c0d0e0b0c0d0e0b0c0d0e0b0c0d0e0b0c0d0e0b0c0d0e0b0c0d0e0b0c0d0e0b0c0d0e0b0c0d0e0b0c0d0e0b0c0d0e0b0c0d0e0b0c0d0e0b0c0d0e0b0c0d0e0b0c0d0e0b0c0d0e0b0c0d0e0b0c0d0e0b0c0d0e0b0c0d0e0b0c0d0e0b0c0d0e0b0c0d0e0b0c0d0e0b0c0d0e0b0c0d0e0b0c0d0e0b0c0d0e0b0c0d0e0b0c0d0e0b0c0d0e0b0c0d0e0b0c0d0e0b0c0d0e0b0c0d0e0b0c0d0e0b0c0d0e0b0c0d0e0b0c0d0e0b0c0d0e0b0c0d0e0b0c0d0e0b0c0d0e0b0c0d0e0b0c0d0e0b0c0d0e0b0c0d0e0b0c0d0e0b0c0d0e0b0c0d0e0b0c0d0e0b0c0d0e0b0c0d0e0b0c0d0e0b0c0d0e0b0c0d0e0b0c0d0e0b0c0d0e0b0c0d0e0b0c0d0e0b0c0d0e0b0c0d0e0b0c0d0e0b0c0d0e0b0c0d0e0b0c0d0e0b0c0d0e0b0c0d0e0b0c0d0e0b0c0d0e0b0c0d0e0b0c0d0e0b0c0d0e0b0c0d0e0b0c0d0e0b0c0d0e0b0c0d0e0b0c0d0e0b0c0d0e0b0c0d0e0b0c0d0e0b0c0d0e0b0c0d0e0b0c0d0e0b0c0d0e0b0c0d0e0b0c0d0e0b0c0d0e0b0c0d0e0b0c0d0e0b0c0d0e0b0c0d0e0b0c0d0e0b0c0d0e0b0c0d0e0b0c0d0e0b0c0d0e0b0c0d0e0b0c0d0e0b0c0d0e0b0c0d0e0b0c0d0e0b0c0d0e0b0c0d0e0b0c0d0e0b0c0d0e0b0c0d0e0b0c0d0e0b0c0d0e0b0c0d0e0b0c0d0e0b0c0d0e0b0c0d0e0b0c0d0e0b0c0d0e0b0c0d0e0b0c0d0e0b0c0d0e0b0c0d0e0b0c0d0e0b0c0d0e0b0c0d0e0b0c0d0e0b0c0d0e0b0c0d0e0b0c0d0e0b0c0d0e0b0c0d0e0b0c0d0e0b0c0d0e0b0c0d0e0b0c0d0e0b0c0d0e0b0c0d0e0b0c0d0e0b0c0d0e0b0c0d0e0b0c0d0e0b0c0d0e0b0c0d0e0b0c0d0e0b0c0d0e0b0c0d0e0b0c0d0e0b0c0d0e0b0c0d0e0b0c0d0e0b0c0d0e0b0c0d0e0b0c0d0e0b0c0d0e0b0c0d0e0b0c0d0e0b0c0d0e0b0c0d0e0b0c0d0e0b0c0d0e0b0c0d0e0b0c0d0e0b0c0d0e0b0c0d0e0b0c0d0e0b0c0d0e0b0c0d0e0b0c0d0e0b0c0d0e0b0c0d0e0b0c0d0e0b0c0d0e0b0c0d0e0b0c0d0e0b0c0d0e0b0c0d0e0b0c0d0e0b0c0d0e0b0c0d0e0b0c0d0e0b0c0d0e0b0c0d0e0b0c0d0e0b0c0d0e0b0c0d0e0b0c0d0e0b0c0d0e0b0c0d0e0b0c0d0e0b0c0d0e0b0c0d0e0b0c0d0e0b0c0d0e0b0c0d0e0b0c0d0e0b0c0d0e0b0c0d0e0b0c0d0e0b0c0d0e0b0c0d0e0b0c0d0e0b0c0d0e0b0c0d0e0b0c0d0e-2.3",
      "dependencies": {
        "@radix-ui/react-compose-refs": "^1.1.0",
        "@radix-ui/react-primitive": "^1.1.0",
        "@radix-ui/react-use-previous": "^1.1.0"
      },
      "peerDependencies": {
        "react": "^16.8 || ^17.0 || ^18.0 || ^19.0 || ^19.0.0-rc",
        "react-dom": "^16.8 || ^17.0 || ^18.0 || ^19.0 || ^19.0.0-rc"
      }
    },
    "node_modules/@radix-ui/react-checkbox": {
      "version": "1.1.4",
      "resolved": "https://registry.npmjs.org/@radix-ui/react-checkbox/-/react-checkbox-1.1.4.tgz",
      "integrity": "sha512-YmG16n/2yYj1ZlM4gR3eW6dDqgFLSjqq99J0Q/sJpA5/sNb5/Pve5ax3o5A1523R/+y3yNu6g57H0qgT28mX7Q==",
      "dependencies": {
        "@radix-ui/react-compose-refs": "^1.1.0",
        "@radix-ui/react-primitive": "^1.1.0"
      },
      "peerDependencies": {
        "react": "^16.8 || ^17.0 || ^18.0 || ^19.0 || ^19.0.0-rc",
        "react-dom": "^16.8 || ^17.0 || ^18.0 || ^19.0 || ^19.0.0-rc"
      }
    },
    "node_modules/@radix-ui/react-collapsible": {
      "version": "1.1.11",
      "resolved": "https://registry.npmjs.org/@radix-ui/react-collapsible/-/react-collapsible-1.1.11.tgz",
      "integrity": "sha512-J30s20TjL3e8tGfS0C3m+VzG6G3NraRsswVv89jYgP0QGv1bC8S4zH7b2KzC0pG8m3a1s0o1f0a0d1g==",
      "dependencies": {
        "@radix-ui/react-compose-refs": "^1.1.0",
        "@radix-ui/react-primitive": "^1.1.0",
        "@radix-ui/react-use-controllable-state": "^1.1.0"
      },
      "peerDependencies": {
        "react": "^16.8 || ^17.0 || ^18.0 || ^19.0 || ^19.0.0-rc",
        "react-dom": "^16.8 || ^17.0 || ^18.0 || ^19.0 || ^19.0.0-rc"
      }
    },
    "node_modules/@radix-ui/react-compose-refs": {
      "version": "1.1.0",
      "resolved": "https://registry.npmjs.org/@radix-ui/react-compose-refs/-/react-compose-refs-1.1.0.tgz",
      "integrity": "sha512-04k5n2yOKrVAaodH8XJEVoe6Xvda7I7u4r3cQ8iY2EPC/2g7u2sA0R9Uj9RF0vHq4cyG/DDk4zC7sC7mGxdB7A==",
      "peerDependencies": {
        "react": "^16.8 || ^17.0 || ^18.0 || ^19.0 || ^19.0.0-rc"
      }
    },
    "node_modules/@radix-ui/react-context": {
      "version": "1.1.0",
      "resolved": "https://registry.npmjs.org/@radix-ui/react-context/-/react-context-1.1.0.tgz",
      "integrity": "sha512-B2DCe+z02fDBP1wEpb6PK0g1PVTCv25+4S30glojJQFy1nI8yT9Lntay2CnmIRIq2k26cDBU3n82ZpX5rR4LGA==",
      "peerDependencies": {
        "react": "^16.8 || ^17.0 || ^18.0 || ^19.0 || ^19.0.0-rc"
      }
    },
    "node_modules/@radix-ui/react-dialog": {
      "version": "1.1.6",
      "resolved": "https://registry.npmjs.org/@radix-ui/react-dialog/-/react-dialog-1.1.6.tgz",
      "integrity": "sha512-J30s20TjL3e8tGfS0C3m+VzG6G3NraRsswVv89jYgP0QGv1bC8S4zH7b2KzC0pG8m3a1s0o1f0a0d1g==",
      "dependencies": {
        "@radix-ui/react-compose-refs": "^1.1.0",
        "@radix-ui/react-context": "^1.1.0",
        "@radix-ui/react-dismissable-layer": "^1.1.7",
        "@radix-ui/react-focus-scope": "^1.1.0",
        "@radix-ui/react-portal": "^1.1.0",
        "@radix-ui/react-primitive": "^1.1.0",
        "@radix-ui/react-use-controllable-state": "^1.1.0",
        "aria-hidden": "^1.2.4",
        "react-remove-scroll": "^2.5.10"
      },
      "peerDependencies": {
        "react": "^16.8 || ^17.0 || ^18.0 || ^19.0 || ^19.0.0-rc",
        "react-dom": "^16.8 || ^17.0 || ^18.0 || ^19.0 || ^19.0.0-rc"
      }
    },
    "node_modules/@radix-ui/react-dismissable-layer": {
      "version": "1.1.7",
      "resolved": "https://registry.npmjs.org/@radix-ui/react-dismissable-layer/-/react-dismissable-layer-1.1.7.tgz",
      "integrity": "sha512-J30s20TjL3e8tGfS0C3m+VzG6G3NraRsswVv89jYgP0QGv1bC8S4zH7b2KzC0pG8m3a1s0o1f0a0d1g==",
      "dependencies": {
        "@radix-ui/react-compose-refs": "^1.1.0",
        "@radix-ui/react-primitive": "^1.1.0",
        "@radix-ui/react-use-callback-ref": "^1.1.0"
      },
      "peerDependencies": {
        "react": "^16.8 || ^17.0 || ^18.0 || ^19.0 || ^19.0.0-rc",
        "react-dom": "^16.8 || ^17.0 || ^18.0 || ^19.0 || ^19.0.0-rc"
      }
    },
    "node_modules/@radix-ui/react-dropdown-menu": {
      "version": "2.1.6",
      "resolved": "https://registry.npmjs.org/@radix-ui/react-dropdown-menu/-/react-dropdown-menu-2.1.6.tgz",
      "integrity": "sha512-J30s20TjL3e8tGfS0C3m+VzG6G3NraRsswVv89jYgP0QGv1bC8S4zH7b2KzC0pG8m3a1s0o1f0a0d1g==",
      "dependencies": {
        "@radix-ui/react-compose-refs": "^1.1.0",
        "@radix-ui/react-context": "^1.1.0",
        "@radix-ui/react-dialog": "^1.1.6",
        "@radix-ui/react-dismissable-layer": "^1.1.7",
        "@radix-ui/react-focus-scope": "^1.1.0",
        "@radix-ui/react-id": "^1.1.0",
        "@radix-ui/react-popper": "^1.2.0",
        "@radix-ui/react-portal": "^1.1.0",
        "@radix-ui/react-primitive": "^1.1.0",
        "@radix-ui/react-roving-focus": "^1.1.0",
        "@radix-ui/react-slot": "^1.1.0",
        "@radix-ui/react-use-callback-ref": "^1.1.0",
        "@radix-ui/react-use-controllable-state": "^1.1.0",
        "@radix-ui/react-use-layout-effect": "^1.1.0",
        "@radix-ui/react-use-rect": "^1.1.0",
        "@radix-ui/rect": "^1.1.0"
      },
      "peerDependencies": {
        "react": "^16.8 || ^17.0 || ^18.0 || ^19.0 || ^19.0.0-rc",
        "react-dom": "^16.8 || ^17.0 || ^18.0 || ^19.0 || ^19.0.0-rc"
      }
    },
    "node_modules/@radix-ui/react-focus-scope": {
      "version": "1.1.0",
      "resolved": "https://registry.npmjs.org/@radix-ui/react-focus-scope/-/react-focus-scope-1.1.0.tgz",
      "integrity": "sha512-dGv9H1Qc3p+pQeHbqxBRDVF2LwTq2jI/Zg52Bq/xXfm4aC5Zt60kR30vHk6WfHk2F+2+L+Sdw5dZ/vE0sA+xvw==",
      "dependencies": {
        "@radix-ui/react-compose-refs": "^1.1.0",
        "@radix-ui/react-primitive": "^1.1.0",
        "@radix-ui/react-use-callback-ref": "^1.1.0"
      },
      "peerDependencies": {
        "react": "^16.8 || ^17.0 || ^18.0 || ^19.0 || ^19.0.0-rc",
        "react-dom": "^16.8 || ^17.0 || ^18.0 || ^19.0 || ^19.0.0-rc"
      }
    },
    "node_modules/@radix-ui/react-id": {
      "version": "1.1.0",
      "resolved": "https://registry.npmjs.org/@radix-ui/react-id/-/react-id-1.1.0.tgz",
      "integrity": "sha512-C8VAnQzZ2XZCxA33C1/4Dykl8y2nUFL12s7l7D5D/1F32p7jFmpGj3676pZ2c/2m43sZ2u53tHjgX/x02Jc7PA==",
      "dependencies": {
        "@radix-ui/react-compose-refs": "^1.1.0",
        "@radix-ui/react-use-layout-effect": "^1.1.0"
      },
      "peerDependencies": {
        "react": "^16.8 || ^17.0 || ^18.0 || ^19.0 || ^19.0.0-rc"
      }
    },
    "node_modules/@radix-ui/react-label": {
      "version": "2.1.2",
      "resolved": "https://registry.npmjs.org/@radix-ui/react-label/-/react-label-2.1.2.tgz",
      "integrity": "sha512-YmG16n/2yYj1ZlM4gR3eW6dDqgFLSjqq99J0Q/sJpA5/sNb5/Pve5ax3o5A1523R/+y3yNu6g57H0qgT28mX7Q==",
      "dependencies": {
        "@radix-ui/react-primitive": "^1.1.0"
      },
      "peerDependencies": {
        "react": "^16.8 || ^17.0 || ^18.0 || ^19.0 || ^19.0.0-rc",
        "react-dom": "^16.8 || ^17.0 || ^18.0 || ^19.0 || ^19.0.0-rc"
      }
    },
    "node_modules/@radix-ui/react-menubar": {
      "version": "1.1.6",
      "resolved": "https://registry.npmjs.org/@radix-ui/react-menubar/-/react-menubar-1.1.6.tgz",
      "integrity": "sha512-J30s20TjL3e8tGfS0C3m+VzG6G3NraRsswVv89jYgP0QGv1bC8S4zH7b2KzC0pG8m3a1s0o1f0a0d1g==",
      "dependencies": {
        "@radix-ui/react-compose-refs": "^1.1.0",
        "@radix-ui/react-context": "^1.1.0",
        "@radix-ui/react-dialog": "^1.1.6",
        "@radix-ui/react-dismissable-layer": "^1.1.7",
        "@radix-ui/react-focus-scope": "^1.1.0",
        "@radix-ui/react-id": "^1.1.0",
        "@radix-ui/react-popper": "^1.2.0",
        "@radix-ui/react-portal": "^1.1.0",
        "@radix-ui/react-primitive": "^1.1.0",
        "@radix-ui/react-roving-focus": "^1.1.0",
        "@radix-ui/react-slot": "^1.1.0",
        "@radix-ui/react-use-callback-ref": "^1.1.0",
        "@radix-ui/react-use-controllable-state": "^1.1.0",
        "@radix-ui/react-use-layout-effect": "^1.1.0",
        "@radix-ui/react-use-rect": "^1.1.0",
        "@radix-ui/rect": "^1.1.0"
      },
      "peerDependencies": {
        "react": "^16.8 || ^17.0 || ^18.0 || ^19.0 || ^19.0.0-rc",
        "react-dom": "^16.8 || ^17.0 || ^18.0 || ^19.0 || ^19.0.0-rc"
      }
    },
    "node_modules/@radix-ui/react-popover": {
      "version": "1.1.6",
      "resolved": "https://registry.npmjs.org/@radix-ui/react-popover/-/react-popover-1.1.6.tgz",
      "integrity": "sha512-J30s20TjL3e8tGfS0C3m+VzG6G3NraRsswVv89jYgP0QGv1bC8S4zH7b2KzC0pG8m3a1s0o1f0a0d1g==",
      "dependencies": {
        "@radix-ui/react-compose-refs": "^1.1.0",
        "@radix-ui/react-dialog": "^1.1.6",
        "@radix-ui/react-dismissable-layer": "^1.1.7",
        "@radix-ui/react-popper": "^1.2.0",
        "@radix-ui/react-primitive": "^1.1.0",
        "@radix-ui/react-slot": "^1.1.0"
      },
      "peerDependencies": {
        "react": "^16.8 || ^17.0 || ^18.0 || ^19.0 || ^19.0.0-rc",
        "react-dom": "^16.8 || ^17.0 || ^18.0 || ^19.0 || ^19.0.0-rc"
      }
    },
    "node_modules/@radix-ui/react-popper": {
      "version": "1.2.0",
      "resolved": "https://registry.npmjs.org/@radix-ui/react-popper/-/react-popper-1.2.0.tgz",
      "integrity": "sha512-YmG16n/2yYj1ZlM4gR3eW6dDqgFLSjqq99J0Q/sJpA5/sNb5/Pve5ax3o5A1523R/+y3yNu6g57H0qgT28mX7Q==",
      "dependencies": {
        "@radix-ui/react-compose-refs": "^1.1.0",
        "@radix-ui/react-primitive": "^1.1.0",
        "@radix-ui/react-use-layout-effect": "^1.1.0",
        "@radix-ui/react-use-rect": "^1.1.0"
      },
      "peerDependencies": {
        "react": "^16.8 || ^17.0 || ^18.0 || ^19.0 || ^19.0.0-rc",
        "react-dom": "^16.8 || ^17.0 || ^18.0 || ^19.0 || ^19.0.0-rc"
      }
    },
    "node_modules/@radix-ui/react-portal": {
      "version": "1.1.0",
      "resolved": "https://registry.npmjs.org/@radix-ui/react-portal/-/react-portal-1.1.0.tgz",
      "integrity": "sha512-PlhF73dJ3V1p59lVbI9c46TdpR+N/90TISJbDB2vL/sNqtrjwTQq27yTFTYc4/ag0nYSb6B0y9amM8+Chn3r7g==",
      "dependencies": {
        "@radix-ui/react-compose-refs": "^1.1.0",
        "@radix-ui/react-primitive": "^1.1.0",
        "@radix-ui/react-use-layout-effect": "^1.1.0"
      },
      "peerDependencies": {
        "react": "^16.8 || ^17.0 || ^18.0 || ^19.0 || ^19.0.0-rc",
        "react-dom": "^16.8 || ^17.0 || ^18.0 || ^19.0 || ^19.0.0-rc"
      }
    },
    "node_modules/@radix-ui/react-primitive": {
      "version": "1.1.0",
      "resolved": "https://registry.npmjs.org/@radix-ui/react-primitive/-/react-primitive-1.1.0.tgz",
      "integrity": "sha512-O373cHU+295ji3/zJG3cDtL59Cj3AZ46EaPkfk+tBMAOhVw+oAnqVpA/Tpc31qA7z/m/Svo1z02f8oJb5M0rYg==",
      "dependencies": {
        "@radix-ui/react-compose-refs": "^1.1.0",
        "@radix-ui/react-slot": "^1.1.0"
      },
      "peerDependencies": {
        "react": "^16.8 || ^17.0 || ^18.0 || ^19.0 || ^19.0.0-rc",
        "react-dom": "^16.8 || ^17.0 || ^18.0 || ^19.0 || ^19.0.0-rc"
      }
    },
    "node_modules/@radix-ui/react-progress": {
      "version": "1.1.2",
      "resolved": "https://registry.npmjs.org/@radix-ui/react-progress/-/react-progress-1.1.2.tgz",
      "integrity": "sha512-YmG16n/2yYj1ZlM4gR3eW6dDqgFLSjqq99J0Q/sJpA5/sNb5/Pve5ax3o5A1523R/+y3yNu6g57H0qgT28mX7Q==",
      "dependencies": {
        "@radix-ui/react-context": "^1.1.0",
        "@radix-ui/react-primitive": "^1.1.0"
      },
      "peerDependencies": {
        "react": "^16.8 || ^17.0 || ^18.0 || ^19.0 || ^19.0.0-rc",
        "react-dom": "^16.8 || ^17.0 || ^18.0 || ^19.0 || ^19.0.0-rc"
      }
    },
    "node_modules/@radix-ui/react-radio-group": {
      "version": "1.2.3",
      "resolved": "https://registry.npmjs.org/@radix-ui/react-radio-group/-/react-radio-group-1.2.3.tgz",
      "integrity": "sha512-pCfuYcQ/K1737e8c/t21S7L5g8f47ZpTFAa3z32YINb06+7g+c3eBojmZgA9d3qD+NY5iHl08V7hOQ2+oW/5fA==",
      "dependencies": {
        "@radix-ui/react-compose-refs": "^1.1.0",
        "@radix-ui/react-context": "^1.1.0",
        "@radix-ui/react-label": "^2.1.2",
        "@radix-ui/react-primitive": "^1.1.0",
        "@radix-ui/react-roving-focus": "^1.1.0",
        "@radix-ui/react-use-controllable-state": "^1.1.0"
      },
      "peerDependencies": {
        "react": "^16.8 || ^17.0 || ^18.0 || ^19.0 || ^19.0.0-rc",
        "react-dom": "^16.8 || ^17.0 || ^18.0 || ^19.0 || ^19.0.0-rc"
      }
    },
    "node_modules/@radix-ui/react-roving-focus": {
      "version": "1.1.0",
      "resolved": "https://registry.npmjs.org/@radix-ui/react-roving-focus/-/react-roving-focus-1.1.0.tgz",
      "integrity": "sha512-Xk3P+KjAChOAZt92fqrYrs0g/OGA7IiO3rR9X2kP+8f2K2e9h6xMdxk0l09oWJpQcR+uE9Vce5p5H6aXwO3nMA==",
      "dependencies": {
        "@radix-ui/react-compose-refs": "^1.1.0",
        "@radix-ui/react-context": "^1.1.0",
        "@radix-ui/react-id": "^1.1.0",
        "@radix-ui/react-primitive": "^1.1.0",
        "@radix-ui/react-use-callback-ref": "^1.1.0",
        "@radix-ui/react-use-controllable-state": "^1.1.0",
        "@radix-ui/react-use-layout-effect": "^1.1.0",
        "@radix-ui/react-use-previous": "^1.1.0"
      },
      "peerDependencies": {
        "react": "^16.8 || ^17.0 || ^18.0 || ^19.0 || ^19.0.0-rc",
        "react-dom": "^16.8 || ^17.0 || ^18.0 || ^19.0 || ^19.0.0-rc"
      }
    },
    "node_modules/@radix-ui/react-scroll-area": {
      "version": "1.2.3",
      "resolved": "https://registry.npmjs.org/@radix-ui/react-scroll-area/-/react-scroll-area-1.2.3.tgz",
      "integrity": "sha512-pCfuYcQ/K1737e8c/t21S7L5g8f47ZpTFAa3z32YINb06+7g+c3eBojmZgA9d3qD+NY5iHl08V7hOQ2+oW/5fA==",
      "dependencies": {
        "@radix-ui/react-compose-refs": "^1.1.0",
        "@radix-ui/react-context": "^1.1.0",
        "@radix-ui/react-primitive": "^1.1.0"
      },
      "peerDependencies": {
        "react": "^16.8 || ^17.0 || ^18.0 || ^19.0 || ^19.0.0-rc",
        "react-dom": "^16.8 || ^17.0 || ^18.0 || ^19.0 || ^19.0.0-rc"
      }
    },
    "node_modules/@radix-ui/react-select": {
      "version": "2.1.6",
      "resolved": "https://registry.npmjs.org/@radix-ui/react-select/-/react-select-2.1.6.tgz",
      "integrity": "sha512-J30s20TjL3e8tGfS0C3m+VzG6G3NraRsswVv89jYgP0QGv1bC8S4zH7b2KzC0pG8m3a1s0o1f0a0d1g==",
      "dependencies": {
        "@radix-ui/react-compose-refs": "^1.1.0",
        "@radix-ui/react-context": "^1.1.0",
        "@radix-ui/react-dialog": "^1.1.6",
        "@radix-ui/react-dismissable-layer": "^1.1.7",
        "@radix-ui/react-focus-scope": "^1.1.0",
        "@radix-ui/react-id": "^1.1.0",
        "@radix-ui/react-popper": "^1.2.0",
        "@radix-ui/react-portal": "^1.1.0",
        "@radix-ui/react-primitive": "^1.1.0",
        "@radix-ui/react-roving-focus": "^1.1.0",
        "@radix-ui/react-slot": "^1.1.0",
        "@radix-ui/react-use-callback-ref": "^1.1.0",
        "@radix-ui/react-use-controllable-state": "^1.1.0",
        "@radix-ui/react-use-layout-effect": "^1.1.0",
        "@radix-ui/react-use-rect": "^1.1.0",
        "@radix-ui/rect": "^1.1.0"
      },
      "peerDependencies": {
        "react": "^16.8 || ^17.0 || ^18.0 || ^19.0 || ^19.0.0-rc",
        "react-dom": "^16.8 || ^17.0 || ^18.0 || ^19.0 || ^19.0.0-rc"
      }
    },
    "node_modules/@radix-ui/react-separator": {
      "version": "1.1.2",
      "resolved": "https://registry.npmjs.org/@radix-ui/react-separator/-/react-separator-1.1.2.tgz",
      "integrity": "sha512-YmG16n/2yYj1ZlM4gR3eW6dDqgFLSjqq99J0Q/sJpA5/sNb5/Pve5ax3o5A1523R/+y3yNu6g57H0qgT28mX7Q==",
      "dependencies": {
        "@radix-ui/react-primitive": "^1.1.0"
      },
      "peerDependencies": {
        "react": "^16.8 || ^17.0 || ^18.0 || ^19.0 || ^19.0.0-rc"
      }
    },
    "node_modules/@radix-ui/react-slider": {
      "version": "1.2.3",
      "resolved": "https://registry.npmjs.org/@radix-ui/react-slider/-/react-slider-1.2.3.tgz",
      "integrity": "sha512-pCfuYcQ/K1737e8c/t21S7L5g8f47ZpTFAa3z32YINb06+7g+c3eBojmZgA9d3qD+NY5iHl08V7hOQ2+oW/5fA==",
      "dependencies": {
        "@radix-ui/react-compose-refs": "^1.1.0",
        "@radix-ui/react-context": "^1.1.0",
        "@radix-ui/react-primitive": "^1.1.0",
        "@radix-ui/react-use-controllable-state": "^1.1.0",
        "@radix-ui/react-use-layout-effect": "^1.1.0",
        "@radix-ui/react-use-previous": "^1.1.0",
        "@radix-ui/react-use-size": "^1.1.0"
      },
      "peerDependencies": {
        "react": "^16.8 || ^17.0 || ^18.0 || ^19.0 || ^19.0.0-rc",
        "react-dom": "^16.8 || ^17.0 || ^18.0 || ^19.0 || ^19.0.0-rc"
      }
    },
    "node_modules/@radix-ui/react-slot": {
      "version": "1.1.0",
      "resolved": "https://registry.npmjs.org/@radix-ui/react-slot/-/react-slot-1.1.0.tgz",
      "integrity": "sha512-MT8ksPmv2b+LwNn1PjDddFhK6LcSg5XbO2YyvKxVp2L3qY3G6qO9LSbVHfC+O0z7DRm4k0KL+zT6tS+gSrvUfQ==",
      "dependencies": {
        "@radix-ui/react-compose-refs": "^1.1.0"
      },
      "peerDependencies": {
        "react": "^16.8 || ^17.0 || ^18.0 || ^19.0 || ^19.0.0-rc"
      }
    },
    "node_modules/@radix-ui/react-switch": {
      "version": "1.1.3",
      "resolved": "https://registry.npmjs.org/@radix-ui/react-switch/-/react-switch-1.1.3.tgz",
      "integrity": "sha512-YmG16n/2yYj1ZlM4gR3eW6dDqgFLSjqq99J0Q/sJpA5/sNb5/Pve5ax3o5A1523R/+y3yNu6g57H0qgT28mX7Q==",
      "dependencies": {
        "@radix-ui/react-compose-refs": "^1.1.0",
        "@radix-ui/react-primitive": "^1.1.0",
        "@radix-ui/react-use-controllable-state": "^1.1.0"
      },
      "peerDependencies": {
        "react": "^16.8 || ^17.0 || ^18.0 || ^19.0 || ^19.0.0-rc",
        "react-dom": "^16.8 || ^17.0 || ^18.0 || ^19.0 || ^19.0.0-rc"
      }
    },
    "node_modules/@radix-ui/react-tabs": {
      "version": "1.1.3",
      "resolved": "https://registry.npmjs.org/@radix-ui/react-tabs/-/react-tabs-1.1.3.tgz",
      "integrity": "sha512-YmG16n/2yYj1ZlM4gR3eW6dDqgFLSjqq99J0Q/sJpA5/sNb5/Pve5ax3o5A1523R/+y3yNu6g57H0qgT28mX7Q==",
      "dependencies": {
        "@radix-ui/react-context": "^1.1.0",
        "@radix-ui/react-primitive": "^1.1.0",
        "@radix-ui/react-roving-focus": "^1.1.0",
        "@radix-ui/react-use-controllable-state": "^1.1.0"
      },
      "peerDependencies": {
        "react": "^16.8 || ^17.0 || ^18.0 || ^19.0 || ^19.0.0-rc",
        "react-dom": "^16.8 || ^17.0 || ^18.0 || ^19.0 || ^19.0.0-rc"
      }
    },
    "node_modules/@radix-ui/react-toast": {
      "version": "1.2.6",
      "resolved": "https://registry.npmjs.org/@radix-ui/react-toast/-/react-toast-1.2.6.tgz",
      "integrity": "sha512-J30s20TjL3e8tGfS0C3m+VzG6G3NraRsswVv89jYgP0QGv1bC8S4zH7b2KzC0pG8m3a1s0o1f0a0d1g==",
      "dependencies": {
        "@radix-ui/react-compose-refs": "^1.1.0",
        "@radix-ui/react-context": "^1.1.0",
        "@radix-ui/react-dismissable-layer": "^1.1.7",
        "@radix-ui/react-primitive": "^1.1.0",
        "@radix-ui/react-use-callback-ref": "^1.1.0",
        "@radix-ui/react-use-controllable-state": "^1.1.0",
        "@radix-ui/react-use-layout-effect": "^1.1.0"
      },
      "peerDependencies": {
        "react": "^16.8 || ^17.0 || ^18.0 || ^19.0 || ^19.0.0-rc",
        "react-dom": "^16.8 || ^17.0 || ^18.0 || ^19.0 || ^19.0.0-rc"
      }
    },
    "node_modules/@radix-ui/react-tooltip": {
      "version": "1.1.8",
      "resolved": "https://registry.npmjs.org/@radix-ui/react-tooltip/-/react-tooltip-1.1.8.tgz",
      "integrity": "sha512-YmG16n/2yYj1ZlM4gR3eW6dDqgFLSjqq99J0Q/sJpA5/sNb5/Pve5ax3o5A1523R/+y3yNu6g57H0qgT28mX7Q==",
      "dependencies": {
        "@radix-ui/react-compose-refs": "^1.1.0",
        "@radix-ui/react-context": "^1.1.0",
        "@radix-ui/react-dismissable-layer": "^1.1.7",
        "@radix-ui/react-id": "^1.1.0",
        "@radix-ui/react-popper": "^1.2.0",
        "@radix-ui/react-portal": "^1.1.0",
        "@radix-ui/react-primitive": "^1.1.0",
        "@radix-ui/react-use-controllable-state": "^1.1.0",
        "@radix-ui/react-use-layout-effect": "^1.1.0",
        "@radix-ui/react-visually-hidden": "^1.1.0"
      },
      "peerDependencies": {
        "react": "^16.8 || ^17.0 || ^18.0 || ^19.0 || ^19.0.0-rc",
        "react-dom": "^16.8 || ^17.0 || ^18.0 || ^19.0 || ^19.0.0-rc"
      }
    },
    "node_modules/@radix-ui/react-use-callback-ref": {
      "version": "1.1.0",
      "resolved": "https://registry.npmjs.org/@radix-ui/react-use-callback-ref/-/react-use-callback-ref-1.1.0.tgz",
      "integrity": "sha512-OMt7gEwsQyS0+3f9fPHgDsm23n3GkFssCs3iB2rLPb3jLjxJ2bT6w2s2o194TzFkptL/l5I+4G1f+Vn2dY4v9A==",
      "dependencies": {
        "@radix-ui/react-compose-refs": "^1.1.0"
      },
      "peerDependencies": {
        "react": "^16.8 || ^17.0 || ^18.0 || ^19.0 || ^19.0.0-rc"
      }
    },
    "node_modules/@radix-ui/react-use-controllable-state": {
      "version": "1.1.0",
      "resolved": "https://registry.npmjs.org/@radix-ui/react-use-controllable-state/-/react-use-controllable-state-1.1.0.tgz",
      "integrity": "sha512-YUnrVFXJov19x1UYZiPEB+aQDhQ3z9vfk6O3vWLl2y31hAyO88Dq0mIuhb83P+8Wq9lMts2GqXT69QzzpStIYA==",
      "dependencies": {
        "@radix-ui/react-use-callback-ref": "^1.1.0"
      },
      "peerDependencies": {
        "react": "^16.8 || ^17.0 || ^18.0 || ^19.0 || ^19.0.0-rc"
      }
    },
    "node_modules/@radix-ui/react-use-layout-effect": {
      "version": "1.1.0",
      "resolved": "https://registry.npmjs.org/@radix-ui/react-use-layout-effect/-/react-use-layout-effect-1.1.0.tgz",
      "integrity": "sha512-y2p5sP5Lg6j8sS9f3F5fFfLf7yq3zTqJg/n9a3p5yS++BwJ7O32kR3aE0o9gT9p/9tIeWkLg8x5iWn2Y6XAGw==",
      "peerDependencies": {
        "react": "^16.8 || ^17.0 || ^18.0 || ^19.0 || ^19.0.0-rc"
      }
    },
    "node_modules/@radix-ui/react-use-previous": {
      "version": "1.1.0",
      "resolved": "https://registry.npmjs.org/@radix-ui/react-use-previous/-/react-use-previous-1.1.0.tgz",
      "integrity": "sha512-D/34A0flj2c5uNcL5g0lX9q0f269zVSHQ/628M3Q7xJgJddVw79lSjAVyA84hYcE22YqfFRpSZF2Dq0zT6P+hQ==",
      "peerDependencies": {
        "react": "^16.8 || ^17.0 || ^18.0 || ^19.0 || ^19.0.0-rc"
      }
    },
    "node_modules/@radix-ui/react-use-rect": {
      "version": "1.1.0",
      "resolved": "https://registry.npmjs.org/@radix-ui/react-use-rect/-/react-use-rect-1.1.0.tgz",
      "integrity": "sha512-Wl/cTqS0j7zX+5j7a+7Qtc34K6iI4h3qI1eR+M9yvVUOjUqI2MhX1e5F5O2TzDQ0s4yq+kE73fFh6kHj1sWMA==",
      "dependencies": {
        "@radix-ui/react-use-callback-ref": "^1.1.0",
        "@radix-ui/react-use-layout-effect": "^1.1.0"
      },
      "peerDependencies": {
        "react": "^16.8 || ^17.0 || ^18.0 || ^19.0 || ^19.0.0-rc"
      }
    },
    "node_modules/@radix-ui/react-use-size": {
      "version": "1.1.0",
      "resolved": "https://registry.npmjs.org/@radix-ui/react-use-size/-/react-use-size-1.1.0.tgz",
      "integrity": "sha512-I56uA5X3fOJKy2p1M2v+hFqS6178bRT8v+4F67w6R3IuS+eTrmg9l2FpJqO3F7g061x6O8uG37G12p5p7p+zRQ==",
      "dependencies": {
        "@radix-ui/react-use-layout-effect": "^1.1.0"
      },
      "peerDependencies": {
        "react": "^16.8 || ^17.0 || ^18.0 || ^19.0 || ^19.0.0-rc"
      }
    },
    "node_modules/@radix-ui/react-visually-hidden": {
      "version": "1.1.0",
      "resolved": "https://registry.npmjs.org/@radix-ui/react-visually-hidden/-/react-visually-hidden-1.1.0.tgz",
      "integrity": "sha512-Rz7b483p0c7fNzc2PztIUIp5N7mH6/hFzud5bGuq6Tf1z+XqYqf0/2p2p32d3FhO3aWqg3W0qVj3h2iW1v0dQ==",
      "dependencies": {
        "@radix-ui/react-primitive": "^1.1.0"
      },
      "peerDependencies": {
        "react": "^16.8 || ^17.0 || ^18.0 || ^19.0 || ^19.0.0-rc",
        "react-dom": "^16.8 || ^17.0 || ^18.0 || ^19.0 || ^19.0.0-rc"
      }
    },
    "node_modules/@radix-ui/rect": {
      "version": "1.1.0",
      "resolved": "https://registry.npmjs.org/@radix-ui/rect/-/rect-1.1.0.tgz",
      "integrity": "sha512-m3q6k30wzC+oM+aCRi+V9mD+QMNvjU5QZtO6p2F6p1TzG9M3h2u5u4lFFv2dohsFvj/4z0I1I2IeT/k4g+RkYA=="
    },
    "node_modules/@types/node": {
      "version": "20.14.9",
      "resolved": "https://registry.npmjs.org/@types/node/-/node-20.14.9.tgz",
      "integrity": "sha512-06m81IqjAcTR2P8t+0t/12r6f+2W2IcsG3y8j1oCM4f6DbmyDunG6XNOYMy0WyD7dJ0QZMM9+7d+W2C+2t42sA==",
      "dev": true,
      "dependencies": {
        "undici-types": "~5.26.4"
      }
    },
    "node_modules/@types/react": {
      "version": "18.3.3",
      "resolved": "https://registry.npmjs.org/@types/react/-/react-18.3.3.tgz",
      "integrity": "sha512-hti/R0pS0q1/xx+TsI73S6LyGGCg6B+6aJ2fuY8A+4CHjB0jHAlu+qSnlIm3n+lZG/t3w18de/k1GOCy20g/iA==",
      "dev": true,
      "dependencies": {
        "@types/prop-types": "*",
        "csstype": "^3.0.2"
      }
    },
    "node_modules/@types/react-dom": {
      "version": "18.3.0",
      "resolved": "https://registry.npmjs.org/@types/react-dom/-/react-dom-18.3.0.tgz",
      "integrity": "sha512-eEpHvcP3K0oNB42y0+xP/vWP447v/Bnsj6DkOOi2l1q8PpdJvNn8qc25Zp93R3iS1mtJ2UI+gX4tt2FBfr7J2g==",
      "dev": true,
      "dependencies": {
        "@types/react": "*"
      }
    },
    "node_modules/clsx": {
      "version": "2.1.1",
      "resolved": "https://registry.npmjs.org/clsx/-/clsx-2.1.1.tgz",
      "integrity": "sha512-eYhW3iGPcngk+smvSPMH3XQc0h5T2+3a4Pui0dx2z4E3SjAYd1/MHS+23llY4D6gzLKjN1I+01GYdABr5I52+A==",
      "engines": {
        "node": ">=6"
      }
    },
    "node_modules/date-fns": {
      "version": "3.6.0",
      "resolved": "https://registry.npmjs.org/date-fns/-/date-fns-3.6.0.tgz",
      "integrity": "sha512-f1HlhKfaOCg4s3m51t3I5t5u5nt03i3p5om+LgcwS3I+k1r1cUBi3+aA7b2hY68nS2/f5QaS9i8yvS3ec8e2w==",
      "engines": {
        "node": ">=v20.11.0"
      },
      "funding": {
        "type": "opencollective",
        "url": "https://opencollective.com/date-fns"
      }
    },
    "node_modules/dotenv": {
      "version": "16.5.0",
      "resolved": "https://registry.npmjs.org/dotenv/-/dotenv-16.5.0.tgz",
      "integrity": "sha512-N/4PzQ3GmmKYnwV3D+yVz4eY5grXXP6FG304zvrnao041iQ1TjLYp/i2h1w+5O65jQiU3e4mHZYjCg3C4SjZfw==",
      "engines": {
        "node": ">=12"
      }
    },
    "node_modules/embla-carousel-react": {
      "version": "8.6.0",
      "resolved": "https://registry.npmjs.org/embla-carousel-react/-/embla-carousel-react-8.6.0.tgz",
      "integrity": "sha512-YmG16n/2yYj1ZlM4gR3eW6dDqgFLSjqq99J0Q/sJpA5/sNb5/Pve5ax3o5A1523R/+y3yNu6g57H0qgT28mX7Q==",
      "dependencies": {
        "embla-carousel": "8.6.0"
      },
      "peerDependencies": {
        "react": ">=16.8.0"
      }
    },
    "node_modules/firebase": {
      "version": "11.9.1",
      "resolved": "https://registry.npmjs.org/firebase/-/firebase-11.9.1.tgz",
      "integrity": "sha512-J30s20TjL3e8tGfS0C3m+VzG6G3NraRsswVv89jYgP0QGv1bC8S4zH7b2KzC0pG8m3a1s0o1f0a0d1g==",
      "dependencies": {
        "@firebase/app": "0.10.6",
        "@firebase/app-check": "0.7.3",
        "@firebase/auth": "1.7.3",
        "@firebase/database": "1.1.3",
        "@firebase/firestore": "4.6.4",
        "@firebase/functions": "0.11.3",
        "@firebase/installations": "0.7.3",
        "@firebase/messaging": "0.13.3",
        "@firebase/performance": "0.7.3",
        "@firebase/remote-config": "0.5.3",
        "@firebase/storage": "0.13.3",
        "@firebase/vertexai-preview": "0.1.6",
        "tslib": "^2.1.0"
      }
    },
    "node_modules/genkit": {
      "version": "1.20.0",
      "resolved": "https://registry.npmjs.org/genkit/-/genkit-1.20.0.tgz",
      "integrity": "sha512-f0f0c0d5a0f0d0c0d0a0b0c0d0e0b0a0f0d0e0b0d0c0d0e0b0a0f0d0e0b0a0f0d0e0b0a0f0d0e0b0d0c0d0e0b0a0f0d0e0b0a0f0d0e0b0a0f0d0e0b0d0c0d0e0b0a0f0d0e0b0a0f0d0e0b0a0f0d0e0b0a0f0d0e0b0a0f0d0e0b0a0f0d0e0b0a0f0d0e0b0a0f0d0e0b0a0f0d0e0b0a0f0d0e0b0a0f0d0e0b0a0f0d0e0b0a0f0d0e0b0a0f0d0e0b0a0f0d0e0b0a0f0d0e0b0a0f0d0e0b0a0f0d0e0b0a0f0d0e0b0a0f0d0e0b0a0f0d0e0b0a0f0d0e0b0a0f0d0e0b0a0f0d0e0b0a0f0d0e0b0a0f0d0e0b0a0f0d0e0b0a0f0d0e0b0a0f0d0e0b0a0f0d0e0b0a0f0d0e0b0a0f0d0e0b0a0f0d0e0b0a0f0d0e0b0a0f0d0e0b0a0f0d0e0b0a0f0d0e0b0a0f0d0e0b0a0f0d0e0b0a0f0d0e0b0a0f0d0e0b0a0f0d0e0b0a0f0d0e0b0a0f0d0e0b0a0f0d0e0b0a0f0d0e0b0a0f0d0e0b0a0f0d0e0b0a0f0d0e0b0a0f0d0e0b0a0f0d0e0b0a0f0d0e0b0a0f0d0e0b0a0f0d0e0b0a0f0d0e0b0a0f0d0e0b0a0f0d0e0b0a0f0d0e0b0a0f0d0e0b0a0f0d0e0b0a0f0d0e0b0a0f0d0e0b0a0f0d0e0b0a0f0d0e0b0a0f0d0e0b0a0f0d0e0b0a0f0d0e0b0a0f0d0e0b0a0f0d0e0b0a0f0d0e0b0a0f0d0e0b0a0f0d0e0b0a0f0d0e0b0a0f0d0e0b0a0f0d0e0b0a0f0d0e0b0a0f0d0e0b0a0f0d0e0b0a0f0d0e0b0a0f0d0e0b0a0f0d0e0b0a0f0d0e0b0a0f0d0e0b0a0f0d0e0b0a0f0d0e0b0a0f0d0e0b0a0f0d0e0b0a0f0d0e0b0a0f0d0e0b0a0f0d0e0b0a0f0d0e0b0a0f0d0e0b0a0f0d0e0b0a0f0d0e0b0a0f0d0e0b0a0f0d0e0b0a0f0d0e0b0a0f0d0e0b0a0f0d0e0b0a0f0d0e0b0a0f0d0e0b0a0f0d0e0b0a0f0d0e0b0a0f0d0e0b0a0f0d0e0b0a0f0d0e0b0a0f0d0e0b0a0f0d0e0b0a0f0d0e0b0a0f0d0e0b0a0f0d0e0b0a0f0d0e0b0a0f0d0e0b0a0f0d0e0b0a0f0d0e0b0a0f0d0e0b0a0f0d0e0b0a0f0d0e0b0a0f0d0e0b0a0f0d0e0b0a0f0d0e0b0a0f0d0e0b0a0f0d0e0b0a0f0d0e0b0a0f0d0e0b0a0f0d0e0b0a0f0d0e0b0a0f0d0e0b0a0f0d0e0b0a0f0d0e0b0a0f0d0e0b0a0f0d0e0b0a0f0d0e0b0a0f0d0e0b0a0f0d0e0b0a0f0d0e0b0a0f0d0e0b0a0f0d0e0b0a0f0d0e0b0a0f0d0e0b0a0f0d0e0b0a0f0d0e0b0a0f0d0e0b0a0f0d0e0b0a0f0d0e0b0a0f0d0e0b0a0f0d0e0b0a0f0d0e0b0a0f0d0e0b0a0f0d0e0b0a0f0d0e0b0a0f0d0e0b0a0f0d0e0b0a0f0d0e0b0a0f0d0e0b0a0f0d0e0b0a0f0d0e0b0a0f0d0e0b0a0f0d0e0b0a0f0d0e0b0a0f0d0e0b0a0f0d0e0b0a0f0d0e0b0a0f0d0e0b0a0f0d0e0b0a0f0d0e0b0a0f0d0e0b0a0f0d0e0b0a0f0d0e0b0a0f0d0e0b0a0f0d0e0b0a0f0d0e0b0a0f0d0e0b0a0f0d0e0b0a0f0d0e0b0a0f0d0e0b0a0f0d0e0b0a0f0d0e0b0a0f0d0e0b0a0f0d0e0b0a0f0d0e0b0a0f0d0e0b0a0f0d0e0b0a0f0d0e0b0a0f0d0e0b0a0f0d0e0b0a0f0d0e0b0a0f0d0e0b0a0f0d0e0b0a0f0d0e0b0a0f0d0e0b0a0f0d0e0b0a0f0d0e0b0a0f0d0e0b0a0f0d0e0b0a0f0d0e0b0a0f0d0e0b0a0f0d0e0b0a0f0d0e0b0a0f0d0e0b0a0f0d0e0b0a0f0d0e0b0a0f0d0e0b0a0f0d0e0b0a0f0d0e0b0a0f0d0e0b0a0f0d0e0b0a0f0d0e0b0a0f0d0e0b0a0f0d0e0b0a0f0d0e0b0a0f0d0e0b0a0f0d0e0b0a0f0d0e0b0a0f0d0e0b0a0f0d0e0b0a0f0d0e0b0a0f0d0e0b0a0f0d0e0b0a0f0d0e0b0a0f0d0e0b0a0f0d0e0b0a0f0d0e0b0a0f0d0e0b0a0f0d0e0b0a0f0d0e0b0a0f0d0e0b0a0f0d0e0b0a0f0d0e0b0a0f0d0e0b0a0f0d0e0b0a0f0d0e0b0a0f0d0e0b0a0f0d0e0b0a0f0d0e0b0a0f0d0e0b0a0f0d0e0b0a0f0d0e0b0a0f0d0e0b0a0f0d0e0b0a0f0d0e0b0a0f0d0e0b0a0f0d0e0b0a0f0d0e0b0a0f0d0e0b0a0f0d0e0b0a0f0d0e0b0a0f0d0e0b0a0f0d0e0b0a0f0d0e0b0a0f0d0e0b0a0f0d0e0b0a0f0d0e0b0a0f0d0e0b0a0f0d0e0b0a0f0d0e0b0a0f0d0e0b0a0f0d0e0b0a0f0d0e0b0a0f0d0e0b0a0f0d0e0b0a0f0d0e0b0a0f0d0e0b0a0f0d0e0b0a0f0d0e0b0a0f0d0e0b0a0f0d0e0b0a0f0d0e0b0a0f0d0e0b0a0f0d0e0b0a0f0d0e0b0a0f0d0e0b0a0f0d0e0b0a0f0d0e0b0a0f0d0e0b0a0f0d0e0b0a0f0d0e0b0a0f0d0e0b0a0f0d0e0b0a0f0d0e0b0a0f0d0e0b0a0f0d0e0b0a0f0d0e0b0a0f0d0e0b0a0f0d0e0b0a0f0d0e0b0a0f0d0e0b0a0f0d0e0b0a0f0d0e0b0a0f0d0e0b0a0f0d0e0b0a0f0d0e0b0a0f0d0e0b0a0f0d0e0b0a0f0d0e0b0a0f0d0e0b0a0f0d0e0b0a0f0d0e0b0a0f0d0e0b0a0f0d0e0b0a0f0d0e0b0a0f0d0e0b0a0f0d0e0b0a0f0d0e0b0a0f0d0e0b0a0f0d0e0b0a0f0d0e0b0a0f0d0e0b0a0f0d0e0b0a0f0d0e0b0a0f0d0e0b0a0f0d0e0b0a0f0d0e0b0a0f0d0e0b0a0f0d0e0b0a0f0d0e0b0a0f0d0e0b0a0f0d0e0b0a0f0d0e0b0a0f0d0e0b0a0f0d0e0b0a0f0d0e0b0a0f0d0e0b0a0f0d0e0b0a0f0d0e0b0a0f0d0e0b0a0f0d0e0b0a0f0d0e0b0a0f0d0e0b0a0f0d0e0b0a0f0d0e0b0a0f0d0e0b0a0f0d0e0b0a0f0d0e0b0a0f0d0e0b0a0f0d0e0b0a0f0d0e0b0a0f0d0e0b0a0f0d0e0b0a0f0d0e0b0a0f0d0e0b0a0f0d0e0b0a0f0d0e0b0a0f0d0e0b0a0f0d0e0b0a0f0d0e0b0a0f0d0e0b0a0f0d0e0b0a0f0d0e0b0a0f0d0e0b0a0f0d0e0b0a0f0d0e0b0a0f0d0e0b0a0f0d0e0b0a0f0d0e0b0a0f0d0e0b0a0f0d0e0b0a0f0d0e0b0a0f0d0e0b0a0f0d0e0b0a0f0d0e0b0a0f0d0e0b0a0f0d0e0b0a0f0d0e0b0a0f0d0e0b0a0f0d0e0b0a0f0d0e0b0a0f0d0e0b0a0f0d0e0b0a0f0d0e0b0a0f0d0e0b0a0f0d0e0b0a0f0d0e0b0a0f0d0e0b0a0f0d0e0b0a0f0d0e0b0a0f0d0e0b0a0f0d0e0b0a0f0d0e0b0a0f0d0e0b0a0f0d0e0b0a0f0d0e0b0a0f0d0e0b0a0f0d0e0b0a0f0d0e0b0a0f0d0e0b0a0f0d0e0b0a0f0d0e0b0a0f0d0e0b0a0f0d0e0b0a0f0d0e0b0a0f0d0e0b0a0f0d0e0b0a0f0d0e0b0a0f0d0e0b0a0f0d0e0b0a0f0d0e0b0a0f0d0e0b0a0f0d0e0b0a0f0d0e0b0a0f0d0e0b0a0f0d0e0b0a0f0d0e0b0a0f0d-20.0",
      "dependencies": {
        "handlebars": "^4.7.8",
        "js-yaml": "^4.1.0",
        "json-schema-to-ts": "^3.1.0",
        "nanoid": "^3.3.7",
        "p-limit": "^4.0.0",
        "winston": "^3.13.0",
        "zod": "^3.23.8",
        "zod-to-json-schema": "^3.23.0"
      },
      "bin": {
        "genkit": "bin/genkit.js"
      }
    },
    "node_modules/genkit-cli": {
      "version": "1.20.0",
      "resolved": "https://registry.npmjs.org/genkit-cli/-/genkit-cli-1.20.0.tgz",
      "integrity": "sha512-YmG16n/2yYj1ZlM4gR3eW6dDqgFLSjqq99J0Q/sJpA5/sNb5/Pve5ax3o5A1523R/+y3yNu6g57H0qgT28mX7Q==",
      "dev": true,
...
}
